{
  "name": "web-audio-wc",
  "version": "0.1.1",
  "lockfileVersion": 1,
  "requires": true,
  "dependencies": {
    "@polymer/polymer": {
      "version": "2.1.1",
      "resolved": "https://registry.npmjs.org/@polymer/polymer/-/polymer-2.1.1.tgz",
      "integrity": "sha512-MRl+hinkHZq1cnjQOyi0gVorC2znQGSiYF5lZtlohMYlZoaG7jRTvxUlQYTxnLhRcVIuPUh7bu1IELL0vz23PQ=="
    }
  }
}
